// !$*UTF8*$!
{
	archiveVersion = 1;
	classes = {
	};
	objectVersion = 46;
	objects = {

/* Begin PBXBuildFile section */
		B29AFC2C1D5093A300CB8A52 /* AppDelegate.swift in Sources */ = {isa = PBXBuildFile; fileRef = B29AFC2B1D5093A300CB8A52 /* AppDelegate.swift */; };
		B29AFC311D5093A300CB8A52 /* Main.storyboard in Resources */ = {isa = PBXBuildFile; fileRef = B29AFC2F1D5093A300CB8A52 /* Main.storyboard */; };
		B29AFC331D5093A300CB8A52 /* Assets.xcassets in Resources */ = {isa = PBXBuildFile; fileRef = B29AFC321D5093A300CB8A52 /* Assets.xcassets */; };
		B29AFC361D5093A300CB8A52 /* LaunchScreen.storyboard in Resources */ = {isa = PBXBuildFile; fileRef = B29AFC341D5093A300CB8A52 /* LaunchScreen.storyboard */; };
		B29AFC421D5093F200CB8A52 /* MainVC.swift in Sources */ = {isa = PBXBuildFile; fileRef = B29AFC401D5093F200CB8A52 /* MainVC.swift */; };
		B29AFC431D5093F200CB8A52 /* MainVC.xib in Resources */ = {isa = PBXBuildFile; fileRef = B29AFC411D5093F200CB8A52 /* MainVC.xib */; };
		B29AFC5E1D50973900CB8A52 /* TBLCalendar.swift in Sources */ = {isa = PBXBuildFile; fileRef = B29AFC5C1D50973900CB8A52 /* TBLCalendar.swift */; };
		B29AFC5F1D50973900CB8A52 /* TBLCalendar.xib in Resources */ = {isa = PBXBuildFile; fileRef = B29AFC5D1D50973900CB8A52 /* TBLCalendar.xib */; };
		B29AFC621D5099BA00CB8A52 /* sea_background.jpg in Resources */ = {isa = PBXBuildFile; fileRef = B29AFC611D5099BA00CB8A52 /* sea_background.jpg */; };
		B29AFC641D509A6C00CB8A52 /* background.png in Resources */ = {isa = PBXBuildFile; fileRef = B29AFC631D509A6C00CB8A52 /* background.png */; };
		B29AFC661D509CB500CB8A52 /* EventKit.framework in Frameworks */ = {isa = PBXBuildFile; fileRef = B29AFC651D509CB500CB8A52 /* EventKit.framework */; };
		B2CEFE181D5B76D200288D85 /* CVAuxiliaryView.swift in Sources */ = {isa = PBXBuildFile; fileRef = B2CEFDF91D5B76D200288D85 /* CVAuxiliaryView.swift */; };
		B2CEFE191D5B76D200288D85 /* CVCalendarContentViewController.swift in Sources */ = {isa = PBXBuildFile; fileRef = B2CEFDFB1D5B76D200288D85 /* CVCalendarContentViewController.swift */; };
		B2CEFE1A1D5B76D200288D85 /* CVCalendarDayView.swift in Sources */ = {isa = PBXBuildFile; fileRef = B2CEFDFC1D5B76D200288D85 /* CVCalendarDayView.swift */; };
		B2CEFE1B1D5B76D200288D85 /* CVCalendarDayViewControlCoordinator.swift in Sources */ = {isa = PBXBuildFile; fileRef = B2CEFDFD1D5B76D200288D85 /* CVCalendarDayViewControlCoordinator.swift */; };
		B2CEFE1C1D5B76D200288D85 /* CVCalendarManager.swift in Sources */ = {isa = PBXBuildFile; fileRef = B2CEFDFE1D5B76D200288D85 /* CVCalendarManager.swift */; };
		B2CEFE1D1D5B76D200288D85 /* CVCalendarMenuView.swift in Sources */ = {isa = PBXBuildFile; fileRef = B2CEFDFF1D5B76D200288D85 /* CVCalendarMenuView.swift */; };
		B2CEFE1E1D5B76D200288D85 /* CVCalendarMenuViewDelegate.swift in Sources */ = {isa = PBXBuildFile; fileRef = B2CEFE001D5B76D200288D85 /* CVCalendarMenuViewDelegate.swift */; };
		B2CEFE1F1D5B76D200288D85 /* CVCalendarMonthContentViewController.swift in Sources */ = {isa = PBXBuildFile; fileRef = B2CEFE011D5B76D200288D85 /* CVCalendarMonthContentViewController.swift */; };
		B2CEFE201D5B76D200288D85 /* CVCalendarMonthView.swift in Sources */ = {isa = PBXBuildFile; fileRef = B2CEFE021D5B76D200288D85 /* CVCalendarMonthView.swift */; };
		B2CEFE211D5B76D200288D85 /* CVCalendarTouchController.swift in Sources */ = {isa = PBXBuildFile; fileRef = B2CEFE031D5B76D200288D85 /* CVCalendarTouchController.swift */; };
		B2CEFE221D5B76D200288D85 /* CVCalendarView.swift in Sources */ = {isa = PBXBuildFile; fileRef = B2CEFE041D5B76D200288D85 /* CVCalendarView.swift */; };
		B2CEFE231D5B76D200288D85 /* CVCalendarViewAnimator.swift in Sources */ = {isa = PBXBuildFile; fileRef = B2CEFE051D5B76D200288D85 /* CVCalendarViewAnimator.swift */; };
		B2CEFE241D5B76D200288D85 /* CVCalendarViewAnimatorDelegate.swift in Sources */ = {isa = PBXBuildFile; fileRef = B2CEFE061D5B76D200288D85 /* CVCalendarViewAnimatorDelegate.swift */; };
		B2CEFE251D5B76D200288D85 /* CVCalendarViewAppearance.swift in Sources */ = {isa = PBXBuildFile; fileRef = B2CEFE071D5B76D200288D85 /* CVCalendarViewAppearance.swift */; };
		B2CEFE261D5B76D200288D85 /* CVCalendarViewAppearanceDelegate.swift in Sources */ = {isa = PBXBuildFile; fileRef = B2CEFE081D5B76D200288D85 /* CVCalendarViewAppearanceDelegate.swift */; };
		B2CEFE271D5B76D200288D85 /* CVCalendarViewDelegate.swift in Sources */ = {isa = PBXBuildFile; fileRef = B2CEFE091D5B76D200288D85 /* CVCalendarViewDelegate.swift */; };
		B2CEFE281D5B76D200288D85 /* CVCalendarViewPresentationMode.swift in Sources */ = {isa = PBXBuildFile; fileRef = B2CEFE0A1D5B76D200288D85 /* CVCalendarViewPresentationMode.swift */; };
		B2CEFE291D5B76D200288D85 /* CVCalendarWeekContentViewController.swift in Sources */ = {isa = PBXBuildFile; fileRef = B2CEFE0B1D5B76D200288D85 /* CVCalendarWeekContentViewController.swift */; };
		B2CEFE2A1D5B76D200288D85 /* CVCalendarWeekday.swift in Sources */ = {isa = PBXBuildFile; fileRef = B2CEFE0C1D5B76D200288D85 /* CVCalendarWeekday.swift */; };
		B2CEFE2B1D5B76D200288D85 /* CVCalendarWeekView.swift in Sources */ = {isa = PBXBuildFile; fileRef = B2CEFE0D1D5B76D200288D85 /* CVCalendarWeekView.swift */; };
		B2CEFE2C1D5B76D200288D85 /* CVDate.swift in Sources */ = {isa = PBXBuildFile; fileRef = B2CEFE0E1D5B76D200288D85 /* CVDate.swift */; };
		B2CEFE2D1D5B76D200288D85 /* CVPresent.swift in Sources */ = {isa = PBXBuildFile; fileRef = B2CEFE0F1D5B76D200288D85 /* CVPresent.swift */; };
		B2CEFE2E1D5B76D200288D85 /* CVRange.swift in Sources */ = {isa = PBXBuildFile; fileRef = B2CEFE101D5B76D200288D85 /* CVRange.swift */; };
		B2CEFE2F1D5B76D200288D85 /* CVScrollDirection.swift in Sources */ = {isa = PBXBuildFile; fileRef = B2CEFE111D5B76D200288D85 /* CVScrollDirection.swift */; };
		B2CEFE301D5B76D200288D85 /* CVSelectionType.swift in Sources */ = {isa = PBXBuildFile; fileRef = B2CEFE121D5B76D200288D85 /* CVSelectionType.swift */; };
		B2CEFE311D5B76D200288D85 /* CVSet.swift in Sources */ = {isa = PBXBuildFile; fileRef = B2CEFE131D5B76D200288D85 /* CVSet.swift */; };
		B2CEFE321D5B76D200288D85 /* CVShape.swift in Sources */ = {isa = PBXBuildFile; fileRef = B2CEFE141D5B76D200288D85 /* CVShape.swift */; };
		B2CEFE331D5B76D200288D85 /* CVStatus.swift in Sources */ = {isa = PBXBuildFile; fileRef = B2CEFE151D5B76D200288D85 /* CVStatus.swift */; };
		B2CEFE341D5B76D200288D85 /* CVWeekdaySymbolType.swift in Sources */ = {isa = PBXBuildFile; fileRef = B2CEFE161D5B76D200288D85 /* CVWeekdaySymbolType.swift */; };
		B2CEFE351D5B76D200288D85 /* Info.plist in Resources */ = {isa = PBXBuildFile; fileRef = B2CEFE171D5B76D200288D85 /* Info.plist */; };
/* End PBXBuildFile section */

/* Begin PBXFileReference section */
		B29AFC281D5093A300CB8A52 /* DemoCaculatorView.app */ = {isa = PBXFileReference; explicitFileType = wrapper.application; includeInIndex = 0; path = DemoCaculatorView.app; sourceTree = BUILT_PRODUCTS_DIR; };
		B29AFC2B1D5093A300CB8A52 /* AppDelegate.swift */ = {isa = PBXFileReference; lastKnownFileType = sourcecode.swift; path = AppDelegate.swift; sourceTree = "<group>"; };
		B29AFC301D5093A300CB8A52 /* Base */ = {isa = PBXFileReference; lastKnownFileType = file.storyboard; name = Base; path = Base.lproj/Main.storyboard; sourceTree = "<group>"; };
		B29AFC321D5093A300CB8A52 /* Assets.xcassets */ = {isa = PBXFileReference; lastKnownFileType = folder.assetcatalog; path = Assets.xcassets; sourceTree = "<group>"; };
		B29AFC351D5093A300CB8A52 /* Base */ = {isa = PBXFileReference; lastKnownFileType = file.storyboard; name = Base; path = Base.lproj/LaunchScreen.storyboard; sourceTree = "<group>"; };
		B29AFC371D5093A300CB8A52 /* Info.plist */ = {isa = PBXFileReference; lastKnownFileType = text.plist.xml; path = Info.plist; sourceTree = "<group>"; };
		B29AFC401D5093F200CB8A52 /* MainVC.swift */ = {isa = PBXFileReference; fileEncoding = 4; lastKnownFileType = sourcecode.swift; path = MainVC.swift; sourceTree = "<group>"; };
		B29AFC411D5093F200CB8A52 /* MainVC.xib */ = {isa = PBXFileReference; fileEncoding = 4; lastKnownFileType = file.xib; path = MainVC.xib; sourceTree = "<group>"; };
		B29AFC5C1D50973900CB8A52 /* TBLCalendar.swift */ = {isa = PBXFileReference; fileEncoding = 4; lastKnownFileType = sourcecode.swift; name = TBLCalendar.swift; path = CalendarView/TBLCalendar.swift; sourceTree = "<group>"; };
		B29AFC5D1D50973900CB8A52 /* TBLCalendar.xib */ = {isa = PBXFileReference; fileEncoding = 4; lastKnownFileType = file.xib; name = TBLCalendar.xib; path = CalendarView/TBLCalendar.xib; sourceTree = "<group>"; };
		B29AFC611D5099BA00CB8A52 /* sea_background.jpg */ = {isa = PBXFileReference; lastKnownFileType = image.jpeg; path = sea_background.jpg; sourceTree = "<group>"; };
		B29AFC631D509A6C00CB8A52 /* background.png */ = {isa = PBXFileReference; lastKnownFileType = image.png; path = background.png; sourceTree = "<group>"; };
		B29AFC651D509CB500CB8A52 /* EventKit.framework */ = {isa = PBXFileReference; lastKnownFileType = wrapper.framework; name = EventKit.framework; path = System/Library/Frameworks/EventKit.framework; sourceTree = SDKROOT; };
		B2CEFDF91D5B76D200288D85 /* CVAuxiliaryView.swift */ = {isa = PBXFileReference; fileEncoding = 4; lastKnownFileType = sourcecode.swift; path = CVAuxiliaryView.swift; sourceTree = "<group>"; };
		B2CEFDFA1D5B76D200288D85 /* CVCalendar.h */ = {isa = PBXFileReference; fileEncoding = 4; lastKnownFileType = sourcecode.c.h; path = CVCalendar.h; sourceTree = "<group>"; };
		B2CEFDFB1D5B76D200288D85 /* CVCalendarContentViewController.swift */ = {isa = PBXFileReference; fileEncoding = 4; lastKnownFileType = sourcecode.swift; path = CVCalendarContentViewController.swift; sourceTree = "<group>"; };
		B2CEFDFC1D5B76D200288D85 /* CVCalendarDayView.swift */ = {isa = PBXFileReference; fileEncoding = 4; lastKnownFileType = sourcecode.swift; path = CVCalendarDayView.swift; sourceTree = "<group>"; };
		B2CEFDFD1D5B76D200288D85 /* CVCalendarDayViewControlCoordinator.swift */ = {isa = PBXFileReference; fileEncoding = 4; lastKnownFileType = sourcecode.swift; path = CVCalendarDayViewControlCoordinator.swift; sourceTree = "<group>"; };
		B2CEFDFE1D5B76D200288D85 /* CVCalendarManager.swift */ = {isa = PBXFileReference; fileEncoding = 4; lastKnownFileType = sourcecode.swift; path = CVCalendarManager.swift; sourceTree = "<group>"; };
		B2CEFDFF1D5B76D200288D85 /* CVCalendarMenuView.swift */ = {isa = PBXFileReference; fileEncoding = 4; lastKnownFileType = sourcecode.swift; path = CVCalendarMenuView.swift; sourceTree = "<group>"; };
		B2CEFE001D5B76D200288D85 /* CVCalendarMenuViewDelegate.swift */ = {isa = PBXFileReference; fileEncoding = 4; lastKnownFileType = sourcecode.swift; path = CVCalendarMenuViewDelegate.swift; sourceTree = "<group>"; };
		B2CEFE011D5B76D200288D85 /* CVCalendarMonthContentViewController.swift */ = {isa = PBXFileReference; fileEncoding = 4; lastKnownFileType = sourcecode.swift; path = CVCalendarMonthContentViewController.swift; sourceTree = "<group>"; };
		B2CEFE021D5B76D200288D85 /* CVCalendarMonthView.swift */ = {isa = PBXFileReference; fileEncoding = 4; lastKnownFileType = sourcecode.swift; path = CVCalendarMonthView.swift; sourceTree = "<group>"; };
		B2CEFE031D5B76D200288D85 /* CVCalendarTouchController.swift */ = {isa = PBXFileReference; fileEncoding = 4; lastKnownFileType = sourcecode.swift; path = CVCalendarTouchController.swift; sourceTree = "<group>"; };
		B2CEFE041D5B76D200288D85 /* CVCalendarView.swift */ = {isa = PBXFileReference; fileEncoding = 4; lastKnownFileType = sourcecode.swift; path = CVCalendarView.swift; sourceTree = "<group>"; };
		B2CEFE051D5B76D200288D85 /* CVCalendarViewAnimator.swift */ = {isa = PBXFileReference; fileEncoding = 4; lastKnownFileType = sourcecode.swift; path = CVCalendarViewAnimator.swift; sourceTree = "<group>"; };
		B2CEFE061D5B76D200288D85 /* CVCalendarViewAnimatorDelegate.swift */ = {isa = PBXFileReference; fileEncoding = 4; lastKnownFileType = sourcecode.swift; path = CVCalendarViewAnimatorDelegate.swift; sourceTree = "<group>"; };
		B2CEFE071D5B76D200288D85 /* CVCalendarViewAppearance.swift */ = {isa = PBXFileReference; fileEncoding = 4; lastKnownFileType = sourcecode.swift; path = CVCalendarViewAppearance.swift; sourceTree = "<group>"; };
		B2CEFE081D5B76D200288D85 /* CVCalendarViewAppearanceDelegate.swift */ = {isa = PBXFileReference; fileEncoding = 4; lastKnownFileType = sourcecode.swift; path = CVCalendarViewAppearanceDelegate.swift; sourceTree = "<group>"; };
		B2CEFE091D5B76D200288D85 /* CVCalendarViewDelegate.swift */ = {isa = PBXFileReference; fileEncoding = 4; lastKnownFileType = sourcecode.swift; path = CVCalendarViewDelegate.swift; sourceTree = "<group>"; };
		B2CEFE0A1D5B76D200288D85 /* CVCalendarViewPresentationMode.swift */ = {isa = PBXFileReference; fileEncoding = 4; lastKnownFileType = sourcecode.swift; path = CVCalendarViewPresentationMode.swift; sourceTree = "<group>"; };
		B2CEFE0B1D5B76D200288D85 /* CVCalendarWeekContentViewController.swift */ = {isa = PBXFileReference; fileEncoding = 4; lastKnownFileType = sourcecode.swift; path = CVCalendarWeekContentViewController.swift; sourceTree = "<group>"; };
		B2CEFE0C1D5B76D200288D85 /* CVCalendarWeekday.swift */ = {isa = PBXFileReference; fileEncoding = 4; lastKnownFileType = sourcecode.swift; path = CVCalendarWeekday.swift; sourceTree = "<group>"; };
		B2CEFE0D1D5B76D200288D85 /* CVCalendarWeekView.swift */ = {isa = PBXFileReference; fileEncoding = 4; lastKnownFileType = sourcecode.swift; path = CVCalendarWeekView.swift; sourceTree = "<group>"; };
		B2CEFE0E1D5B76D200288D85 /* CVDate.swift */ = {isa = PBXFileReference; fileEncoding = 4; lastKnownFileType = sourcecode.swift; path = CVDate.swift; sourceTree = "<group>"; };
		B2CEFE0F1D5B76D200288D85 /* CVPresent.swift */ = {isa = PBXFileReference; fileEncoding = 4; lastKnownFileType = sourcecode.swift; path = CVPresent.swift; sourceTree = "<group>"; };
		B2CEFE101D5B76D200288D85 /* CVRange.swift */ = {isa = PBXFileReference; fileEncoding = 4; lastKnownFileType = sourcecode.swift; path = CVRange.swift; sourceTree = "<group>"; };
		B2CEFE111D5B76D200288D85 /* CVScrollDirection.swift */ = {isa = PBXFileReference; fileEncoding = 4; lastKnownFileType = sourcecode.swift; path = CVScrollDirection.swift; sourceTree = "<group>"; };
		B2CEFE121D5B76D200288D85 /* CVSelectionType.swift */ = {isa = PBXFileReference; fileEncoding = 4; lastKnownFileType = sourcecode.swift; path = CVSelectionType.swift; sourceTree = "<group>"; };
		B2CEFE131D5B76D200288D85 /* CVSet.swift */ = {isa = PBXFileReference; fileEncoding = 4; lastKnownFileType = sourcecode.swift; path = CVSet.swift; sourceTree = "<group>"; };
		B2CEFE141D5B76D200288D85 /* CVShape.swift */ = {isa = PBXFileReference; fileEncoding = 4; lastKnownFileType = sourcecode.swift; path = CVShape.swift; sourceTree = "<group>"; };
		B2CEFE151D5B76D200288D85 /* CVStatus.swift */ = {isa = PBXFileReference; fileEncoding = 4; lastKnownFileType = sourcecode.swift; path = CVStatus.swift; sourceTree = "<group>"; };
		B2CEFE161D5B76D200288D85 /* CVWeekdaySymbolType.swift */ = {isa = PBXFileReference; fileEncoding = 4; lastKnownFileType = sourcecode.swift; path = CVWeekdaySymbolType.swift; sourceTree = "<group>"; };
		B2CEFE171D5B76D200288D85 /* Info.plist */ = {isa = PBXFileReference; fileEncoding = 4; lastKnownFileType = text.plist.xml; path = Info.plist; sourceTree = "<group>"; };
/* End PBXFileReference section */

/* Begin PBXFrameworksBuildPhase section */
		B29AFC251D5093A300CB8A52 /* Frameworks */ = {
			isa = PBXFrameworksBuildPhase;
			buildActionMask = 2147483647;
			files = (
				B29AFC661D509CB500CB8A52 /* EventKit.framework in Frameworks */,
			);
			runOnlyForDeploymentPostprocessing = 0;
		};
/* End PBXFrameworksBuildPhase section */

/* Begin PBXGroup section */
		B29AFC1F1D5093A300CB8A52 = {
			isa = PBXGroup;
			children = (
				B29AFC651D509CB500CB8A52 /* EventKit.framework */,
				B29AFC2A1D5093A300CB8A52 /* DemoCaculatorView */,
				B29AFC291D5093A300CB8A52 /* Products */,
			);
			sourceTree = "<group>";
		};
		B29AFC291D5093A300CB8A52 /* Products */ = {
			isa = PBXGroup;
			children = (
				B29AFC281D5093A300CB8A52 /* DemoCaculatorView.app */,
			);
			name = Products;
			sourceTree = "<group>";
		};
		B29AFC2A1D5093A300CB8A52 /* DemoCaculatorView */ = {
			isa = PBXGroup;
			children = (
				B29AFC2B1D5093A300CB8A52 /* AppDelegate.swift */,
				B29AFC3E1D5093C600CB8A52 /* CalendarView */,
				B29AFC3F1D5093CE00CB8A52 /* ViewControllers */,
				B29AFC3D1D5093B000CB8A52 /* Supporting Files */,
			);
			path = DemoCaculatorView;
			sourceTree = "<group>";
		};
		B29AFC3D1D5093B000CB8A52 /* Supporting Files */ = {
			isa = PBXGroup;
			children = (
				B29AFC601D50999900CB8A52 /* Resources */,
				B29AFC2F1D5093A300CB8A52 /* Main.storyboard */,
				B29AFC321D5093A300CB8A52 /* Assets.xcassets */,
				B29AFC341D5093A300CB8A52 /* LaunchScreen.storyboard */,
				B29AFC371D5093A300CB8A52 /* Info.plist */,
			);
			name = "Supporting Files";
			sourceTree = "<group>";
		};
		B29AFC3E1D5093C600CB8A52 /* CalendarView */ = {
			isa = PBXGroup;
			children = (
				B2CEFDF81D5B76D200288D85 /* CVCalendar */,
				B29AFC5C1D50973900CB8A52 /* TBLCalendar.swift */,
				B29AFC5D1D50973900CB8A52 /* TBLCalendar.xib */,
			);
			name = CalendarView;
			sourceTree = "<group>";
		};
		B29AFC3F1D5093CE00CB8A52 /* ViewControllers */ = {
			isa = PBXGroup;
			children = (
				B29AFC401D5093F200CB8A52 /* MainVC.swift */,
				B29AFC411D5093F200CB8A52 /* MainVC.xib */,
			);
			name = ViewControllers;
			sourceTree = "<group>";
		};
		B29AFC601D50999900CB8A52 /* Resources */ = {
			isa = PBXGroup;
			children = (
				B29AFC631D509A6C00CB8A52 /* background.png */,
				B29AFC611D5099BA00CB8A52 /* sea_background.jpg */,
			);
			name = Resources;
			sourceTree = "<group>";
		};
		B2CEFDF81D5B76D200288D85 /* CVCalendar */ = {
			isa = PBXGroup;
			children = (
				B2CEFDF91D5B76D200288D85 /* CVAuxiliaryView.swift */,
				B2CEFDFA1D5B76D200288D85 /* CVCalendar.h */,
				B2CEFDFB1D5B76D200288D85 /* CVCalendarContentViewController.swift */,
				B2CEFDFC1D5B76D200288D85 /* CVCalendarDayView.swift */,
				B2CEFDFD1D5B76D200288D85 /* CVCalendarDayViewControlCoordinator.swift */,
				B2CEFDFE1D5B76D200288D85 /* CVCalendarManager.swift */,
				B2CEFDFF1D5B76D200288D85 /* CVCalendarMenuView.swift */,
				B2CEFE001D5B76D200288D85 /* CVCalendarMenuViewDelegate.swift */,
				B2CEFE011D5B76D200288D85 /* CVCalendarMonthContentViewController.swift */,
				B2CEFE021D5B76D200288D85 /* CVCalendarMonthView.swift */,
				B2CEFE031D5B76D200288D85 /* CVCalendarTouchController.swift */,
				B2CEFE041D5B76D200288D85 /* CVCalendarView.swift */,
				B2CEFE051D5B76D200288D85 /* CVCalendarViewAnimator.swift */,
				B2CEFE061D5B76D200288D85 /* CVCalendarViewAnimatorDelegate.swift */,
				B2CEFE071D5B76D200288D85 /* CVCalendarViewAppearance.swift */,
				B2CEFE081D5B76D200288D85 /* CVCalendarViewAppearanceDelegate.swift */,
				B2CEFE091D5B76D200288D85 /* CVCalendarViewDelegate.swift */,
				B2CEFE0A1D5B76D200288D85 /* CVCalendarViewPresentationMode.swift */,
				B2CEFE0B1D5B76D200288D85 /* CVCalendarWeekContentViewController.swift */,
				B2CEFE0C1D5B76D200288D85 /* CVCalendarWeekday.swift */,
				B2CEFE0D1D5B76D200288D85 /* CVCalendarWeekView.swift */,
				B2CEFE0E1D5B76D200288D85 /* CVDate.swift */,
				B2CEFE0F1D5B76D200288D85 /* CVPresent.swift */,
				B2CEFE101D5B76D200288D85 /* CVRange.swift */,
				B2CEFE111D5B76D200288D85 /* CVScrollDirection.swift */,
				B2CEFE121D5B76D200288D85 /* CVSelectionType.swift */,
				B2CEFE131D5B76D200288D85 /* CVSet.swift */,
				B2CEFE141D5B76D200288D85 /* CVShape.swift */,
				B2CEFE151D5B76D200288D85 /* CVStatus.swift */,
				B2CEFE161D5B76D200288D85 /* CVWeekdaySymbolType.swift */,
				B2CEFE171D5B76D200288D85 /* Info.plist */,
			);
			path = CVCalendar;
			sourceTree = "<group>";
		};
/* End PBXGroup section */

/* Begin PBXNativeTarget section */
		B29AFC271D5093A300CB8A52 /* DemoCaculatorView */ = {
			isa = PBXNativeTarget;
			buildConfigurationList = B29AFC3A1D5093A300CB8A52 /* Build configuration list for PBXNativeTarget "DemoCaculatorView" */;
			buildPhases = (
				B29AFC241D5093A300CB8A52 /* Sources */,
				B29AFC251D5093A300CB8A52 /* Frameworks */,
				B29AFC261D5093A300CB8A52 /* Resources */,
			);
			buildRules = (
			);
			dependencies = (
			);
			name = DemoCaculatorView;
			productName = DemoCaculatorView;
			productReference = B29AFC281D5093A300CB8A52 /* DemoCaculatorView.app */;
			productType = "com.apple.product-type.application";
		};
/* End PBXNativeTarget section */

/* Begin PBXProject section */
		B29AFC201D5093A300CB8A52 /* Project object */ = {
			isa = PBXProject;
			attributes = {
				LastSwiftUpdateCheck = 0730;
				LastUpgradeCheck = 0730;
				ORGANIZATIONNAME = TBLStudio;
				TargetAttributes = {
					B29AFC271D5093A300CB8A52 = {
						CreatedOnToolsVersion = 7.3;
					};
				};
			};
			buildConfigurationList = B29AFC231D5093A300CB8A52 /* Build configuration list for PBXProject "DemoCaculatorView" */;
			compatibilityVersion = "Xcode 3.2";
			developmentRegion = English;
			hasScannedForEncodings = 0;
			knownRegions = (
				en,
				Base,
			);
			mainGroup = B29AFC1F1D5093A300CB8A52;
			productRefGroup = B29AFC291D5093A300CB8A52 /* Products */;
			projectDirPath = "";
			projectRoot = "";
			targets = (
				B29AFC271D5093A300CB8A52 /* DemoCaculatorView */,
			);
		};
/* End PBXProject section */

/* Begin PBXResourcesBuildPhase section */
		B29AFC261D5093A300CB8A52 /* Resources */ = {
			isa = PBXResourcesBuildPhase;
			buildActionMask = 2147483647;
			files = (
				B2CEFE351D5B76D200288D85 /* Info.plist in Resources */,
				B29AFC361D5093A300CB8A52 /* LaunchScreen.storyboard in Resources */,
				B29AFC5F1D50973900CB8A52 /* TBLCalendar.xib in Resources */,
				B29AFC641D509A6C00CB8A52 /* background.png in Resources */,
				B29AFC431D5093F200CB8A52 /* MainVC.xib in Resources */,
				B29AFC331D5093A300CB8A52 /* Assets.xcassets in Resources */,
				B29AFC311D5093A300CB8A52 /* Main.storyboard in Resources */,
				B29AFC621D5099BA00CB8A52 /* sea_background.jpg in Resources */,
			);
			runOnlyForDeploymentPostprocessing = 0;
		};
/* End PBXResourcesBuildPhase section */

/* Begin PBXSourcesBuildPhase section */
		B29AFC241D5093A300CB8A52 /* Sources */ = {
			isa = PBXSourcesBuildPhase;
			buildActionMask = 2147483647;
			files = (
				B2CEFE1C1D5B76D200288D85 /* CVCalendarManager.swift in Sources */,
				B2CEFE2F1D5B76D200288D85 /* CVScrollDirection.swift in Sources */,
				B2CEFE181D5B76D200288D85 /* CVAuxiliaryView.swift in Sources */,
				B2CEFE251D5B76D200288D85 /* CVCalendarViewAppearance.swift in Sources */,
				B2CEFE271D5B76D200288D85 /* CVCalendarViewDelegate.swift in Sources */,
				B2CEFE301D5B76D200288D85 /* CVSelectionType.swift in Sources */,
				B2CEFE331D5B76D200288D85 /* CVStatus.swift in Sources */,
				B2CEFE211D5B76D200288D85 /* CVCalendarTouchController.swift in Sources */,
				B2CEFE291D5B76D200288D85 /* CVCalendarWeekContentViewController.swift in Sources */,
				B2CEFE2E1D5B76D200288D85 /* CVRange.swift in Sources */,
				B2CEFE2C1D5B76D200288D85 /* CVDate.swift in Sources */,
				B2CEFE2B1D5B76D200288D85 /* CVCalendarWeekView.swift in Sources */,
				B2CEFE261D5B76D200288D85 /* CVCalendarViewAppearanceDelegate.swift in Sources */,
				B2CEFE241D5B76D200288D85 /* CVCalendarViewAnimatorDelegate.swift in Sources */,
				B2CEFE1E1D5B76D200288D85 /* CVCalendarMenuViewDelegate.swift in Sources */,
				B2CEFE341D5B76D200288D85 /* CVWeekdaySymbolType.swift in Sources */,
				B2CEFE191D5B76D200288D85 /* CVCalendarContentViewController.swift in Sources */,
				B2CEFE1F1D5B76D200288D85 /* CVCalendarMonthContentViewController.swift in Sources */,
				B29AFC2C1D5093A300CB8A52 /* AppDelegate.swift in Sources */,
				B2CEFE1D1D5B76D200288D85 /* CVCalendarMenuView.swift in Sources */,
				B29AFC421D5093F200CB8A52 /* MainVC.swift in Sources */,
				B2CEFE201D5B76D200288D85 /* CVCalendarMonthView.swift in Sources */,
				B2CEFE321D5B76D200288D85 /* CVShape.swift in Sources */,
				B2CEFE1B1D5B76D200288D85 /* CVCalendarDayViewControlCoordinator.swift in Sources */,
				B2CEFE221D5B76D200288D85 /* CVCalendarView.swift in Sources */,
				B2CEFE2A1D5B76D200288D85 /* CVCalendarWeekday.swift in Sources */,
				B2CEFE1A1D5B76D200288D85 /* CVCalendarDayView.swift in Sources */,
				B29AFC5E1D50973900CB8A52 /* TBLCalendar.swift in Sources */,
				B2CEFE311D5B76D200288D85 /* CVSet.swift in Sources */,
				B2CEFE2D1D5B76D200288D85 /* CVPresent.swift in Sources */,
				B2CEFE281D5B76D200288D85 /* CVCalendarViewPresentationMode.swift in Sources */,
				B2CEFE231D5B76D200288D85 /* CVCalendarViewAnimator.swift in Sources */,
			);
			runOnlyForDeploymentPostprocessing = 0;
		};
/* End PBXSourcesBuildPhase section */

/* Begin PBXVariantGroup section */
		B29AFC2F1D5093A300CB8A52 /* Main.storyboard */ = {
			isa = PBXVariantGroup;
			children = (
				B29AFC301D5093A300CB8A52 /* Base */,
			);
			name = Main.storyboard;
			sourceTree = "<group>";
		};
		B29AFC341D5093A300CB8A52 /* LaunchScreen.storyboard */ = {
			isa = PBXVariantGroup;
			children = (
				B29AFC351D5093A300CB8A52 /* Base */,
			);
			name = LaunchScreen.storyboard;
			sourceTree = "<group>";
		};
/* End PBXVariantGroup section */

/* Begin XCBuildConfiguration section */
		B29AFC381D5093A300CB8A52 /* Debug */ = {
			isa = XCBuildConfiguration;
			buildSettings = {
				ALWAYS_SEARCH_USER_PATHS = NO;
				CLANG_ANALYZER_NONNULL = YES;
				CLANG_CXX_LANGUAGE_STANDARD = "gnu++0x";
				CLANG_CXX_LIBRARY = "libc++";
				CLANG_ENABLE_MODULES = YES;
				CLANG_ENABLE_OBJC_ARC = YES;
				CLANG_WARN_BOOL_CONVERSION = YES;
				CLANG_WARN_CONSTANT_CONVERSION = YES;
				CLANG_WARN_DIRECT_OBJC_ISA_USAGE = YES_ERROR;
				CLANG_WARN_EMPTY_BODY = YES;
				CLANG_WARN_ENUM_CONVERSION = YES;
				CLANG_WARN_INT_CONVERSION = YES;
				CLANG_WARN_OBJC_ROOT_CLASS = YES_ERROR;
				CLANG_WARN_UNREACHABLE_CODE = YES;
				CLANG_WARN__DUPLICATE_METHOD_MATCH = YES;
				"CODE_SIGN_IDENTITY[sdk=iphoneos*]" = "iPhone Developer";
				COPY_PHASE_STRIP = NO;
				DEBUG_INFORMATION_FORMAT = dwarf;
				ENABLE_STRICT_OBJC_MSGSEND = YES;
				ENABLE_TESTABILITY = YES;
				GCC_C_LANGUAGE_STANDARD = gnu99;
				GCC_DYNAMIC_NO_PIC = NO;
				GCC_NO_COMMON_BLOCKS = YES;
				GCC_OPTIMIZATION_LEVEL = 0;
				GCC_PREPROCESSOR_DEFINITIONS = (
					"DEBUG=1",
					"$(inherited)",
				);
				GCC_WARN_64_TO_32_BIT_CONVERSION = YES;
				GCC_WARN_ABOUT_RETURN_TYPE = YES_ERROR;
				GCC_WARN_UNDECLARED_SELECTOR = YES;
				GCC_WARN_UNINITIALIZED_AUTOS = YES_AGGRESSIVE;
				GCC_WARN_UNUSED_FUNCTION = YES;
				GCC_WARN_UNUSED_VARIABLE = YES;
				IPHONEOS_DEPLOYMENT_TARGET = 9.3;
				MTL_ENABLE_DEBUG_INFO = YES;
				ONLY_ACTIVE_ARCH = YES;
				SDKROOT = iphoneos;
				SWIFT_OPTIMIZATION_LEVEL = "-Onone";
			};
			name = Debug;
		};
		B29AFC391D5093A300CB8A52 /* Release */ = {
			isa = XCBuildConfiguration;
			buildSettings = {
				ALWAYS_SEARCH_USER_PATHS = NO;
				CLANG_ANALYZER_NONNULL = YES;
				CLANG_CXX_LANGUAGE_STANDARD = "gnu++0x";
				CLANG_CXX_LIBRARY = "libc++";
				CLANG_ENABLE_MODULES = YES;
				CLANG_ENABLE_OBJC_ARC = YES;
				CLANG_WARN_BOOL_CONVERSION = YES;
				CLANG_WARN_CONSTANT_CONVERSION = YES;
				CLANG_WARN_DIRECT_OBJC_ISA_USAGE = YES_ERROR;
				CLANG_WARN_EMPTY_BODY = YES;
				CLANG_WARN_ENUM_CONVERSION = YES;
				CLANG_WARN_INT_CONVERSION = YES;
				CLANG_WARN_OBJC_ROOT_CLASS = YES_ERROR;
				CLANG_WARN_UNREACHABLE_CODE = YES;
				CLANG_WARN__DUPLICATE_METHOD_MATCH = YES;
				"CODE_SIGN_IDENTITY[sdk=iphoneos*]" = "iPhone Developer";
				COPY_PHASE_STRIP = NO;
				DEBUG_INFORMATION_FORMAT = "dwarf-with-dsym";
				ENABLE_NS_ASSERTIONS = NO;
				ENABLE_STRICT_OBJC_MSGSEND = YES;
				GCC_C_LANGUAGE_STANDARD = gnu99;
				GCC_NO_COMMON_BLOCKS = YES;
				GCC_WARN_64_TO_32_BIT_CONVERSION = YES;
				GCC_WARN_ABOUT_RETURN_TYPE = YES_ERROR;
				GCC_WARN_UNDECLARED_SELECTOR = YES;
				GCC_WARN_UNINITIALIZED_AUTOS = YES_AGGRESSIVE;
				GCC_WARN_UNUSED_FUNCTION = YES;
				GCC_WARN_UNUSED_VARIABLE = YES;
				IPHONEOS_DEPLOYMENT_TARGET = 9.3;
				MTL_ENABLE_DEBUG_INFO = NO;
				SDKROOT = iphoneos;
				VALIDATE_PRODUCT = YES;
			};
			name = Release;
		};
		B29AFC3B1D5093A300CB8A52 /* Debug */ = {
			isa = XCBuildConfiguration;
			buildSettings = {
				ASSETCATALOG_COMPILER_APPICON_NAME = AppIcon;
				INFOPLIST_FILE = DemoCaculatorView/Info.plist;
				LD_RUNPATH_SEARCH_PATHS = "$(inherited) @executable_path/Frameworks";
				PRODUCT_BUNDLE_IDENTIFIER = TBLStudio.DemoCaculatorView;
				PRODUCT_NAME = "$(TARGET_NAME)";
			};
			name = Debug;
		};
		B29AFC3C1D5093A300CB8A52 /* Release */ = {
			isa = XCBuildConfiguration;
			buildSettings = {
				ASSETCATALOG_COMPILER_APPICON_NAME = AppIcon;
				INFOPLIST_FILE = DemoCaculatorView/Info.plist;
				LD_RUNPATH_SEARCH_PATHS = "$(inherited) @executable_path/Frameworks";
				PRODUCT_BUNDLE_IDENTIFIER = TBLStudio.DemoCaculatorView;
				PRODUCT_NAME = "$(TARGET_NAME)";
			};
			name = Release;
		};
/* End XCBuildConfiguration section */

/* Begin XCConfigurationList section */
		B29AFC231D5093A300CB8A52 /* Build configuration list for PBXProject "DemoCaculatorView" */ = {
			isa = XCConfigurationList;
			buildConfigurations = (
				B29AFC381D5093A300CB8A52 /* Debug */,
				B29AFC391D5093A300CB8A52 /* Release */,
			);
			defaultConfigurationIsVisible = 0;
			defaultConfigurationName = Release;
		};
		B29AFC3A1D5093A300CB8A52 /* Build configuration list for PBXNativeTarget "DemoCaculatorView" */ = {
			isa = XCConfigurationList;
			buildConfigurations = (
				B29AFC3B1D5093A300CB8A52 /* Debug */,
				B29AFC3C1D5093A300CB8A52 /* Release */,
			);
			defaultConfigurationIsVisible = 0;
			defaultConfigurationName = Release;
		};
/* End XCConfigurationList section */
	};
	rootObject = B29AFC201D5093A300CB8A52 /* Project object */;
}
